// !$*UTF8*$!
{
	archiveVersion = 1;
	classes = {
	};
	objectVersion = 50;
	objects = {

/* Begin PBXBuildFile section */
		41D08E626B32E761C9C544F3 /* Pods_IntroducePaiApp.framework in Frameworks */ = {isa = PBXBuildFile; fileRef = 1A83976D90850F2B6A05E7CD /* Pods_IntroducePaiApp.framework */; };
		6702E162222FC76100D04B38 /* AlbumCollection.swift in Sources */ = {isa = PBXBuildFile; fileRef = 6702E161222FC76100D04B38 /* AlbumCollection.swift */; };
		6727B1DA22320CB400CE67C5 /* GoogleService-Info.plist in Resources */ = {isa = PBXBuildFile; fileRef = 6727B1D922320CB300CE67C5 /* GoogleService-Info.plist */; };
		672840D32204247900A47DE1 /* AppDelegate.swift in Sources */ = {isa = PBXBuildFile; fileRef = 672840D22204247900A47DE1 /* AppDelegate.swift */; };
		672840DB2204247900A47DE1 /* IntroducePaiApp.xcdatamodeld in Sources */ = {isa = PBXBuildFile; fileRef = 672840D92204247900A47DE1 /* IntroducePaiApp.xcdatamodeld */; };
		672840DD2204247C00A47DE1 /* Assets.xcassets in Resources */ = {isa = PBXBuildFile; fileRef = 672840DC2204247C00A47DE1 /* Assets.xcassets */; };
		672840E02204247C00A47DE1 /* LaunchScreen.storyboard in Resources */ = {isa = PBXBuildFile; fileRef = 672840DE2204247C00A47DE1 /* LaunchScreen.storyboard */; };
		672840EF2204272800A47DE1 /* CustomTableController.swift in Sources */ = {isa = PBXBuildFile; fileRef = 672840E72204272700A47DE1 /* CustomTableController.swift */; };
		672840F02204272800A47DE1 /* TabbarController.swift in Sources */ = {isa = PBXBuildFile; fileRef = 672840E82204272700A47DE1 /* TabbarController.swift */; };
		672840F12204272800A47DE1 /* SettingController.swift in Sources */ = {isa = PBXBuildFile; fileRef = 672840E92204272700A47DE1 /* SettingController.swift */; };
		672840F22204272800A47DE1 /* ProfileViewController.swift in Sources */ = {isa = PBXBuildFile; fileRef = 672840EA2204272700A47DE1 /* ProfileViewController.swift */; };
		672840F32204272800A47DE1 /* TestCustomViewController.swift in Sources */ = {isa = PBXBuildFile; fileRef = 672840EB2204272800A47DE1 /* TestCustomViewController.swift */; };
		672840F42204272800A47DE1 /* MainViewController.swift in Sources */ = {isa = PBXBuildFile; fileRef = 672840EC2204272800A47DE1 /* MainViewController.swift */; };
		672840F52204272800A47DE1 /* CalculatorController.swift in Sources */ = {isa = PBXBuildFile; fileRef = 672840ED2204272800A47DE1 /* CalculatorController.swift */; };
		672840F62204272800A47DE1 /* CustomView.swift in Sources */ = {isa = PBXBuildFile; fileRef = 672840EE2204272800A47DE1 /* CustomView.swift */; };
		672840F82204276000A47DE1 /* Main.storyboard in Resources */ = {isa = PBXBuildFile; fileRef = 672840F72204275F00A47DE1 /* Main.storyboard */; };
		672840FA22043E0600A47DE1 /* APIDriver.swift in Sources */ = {isa = PBXBuildFile; fileRef = 672840F922043E0600A47DE1 /* APIDriver.swift */; };
		67284100220ABD9E00A47DE1 /* ViewController.swift in Sources */ = {isa = PBXBuildFile; fileRef = 672840FF220ABD9E00A47DE1 /* ViewController.swift */; };
		67284102220ABE4300A47DE1 /* ReorderableCell.swift in Sources */ = {isa = PBXBuildFile; fileRef = 67284101220ABE4300A47DE1 /* ReorderableCell.swift */; };
		672E4C46222518B0007D60E5 /* Pantip.swift in Sources */ = {isa = PBXBuildFile; fileRef = 672E4C45222518B0007D60E5 /* Pantip.swift */; };
		672E4C482225197A007D60E5 /* PantipViewModel.swift in Sources */ = {isa = PBXBuildFile; fileRef = 672E4C472225197A007D60E5 /* PantipViewModel.swift */; };
		672E4C4A2226324B007D60E5 /* NoDataCell.xib in Resources */ = {isa = PBXBuildFile; fileRef = 672E4C492226324B007D60E5 /* NoDataCell.xib */; };
		672E4C4C2226325C007D60E5 /* NoDataCell.swift in Sources */ = {isa = PBXBuildFile; fileRef = 672E4C4B2226325C007D60E5 /* NoDataCell.swift */; };
		672E4C722227961D007D60E5 /* WebViewContent.html in Resources */ = {isa = PBXBuildFile; fileRef = 672E4C712227961D007D60E5 /* WebViewContent.html */; };
		6730B67B2223DDBC003D82BF /* YoutubeFeedController.swift in Sources */ = {isa = PBXBuildFile; fileRef = 6730B67A2223DDBC003D82BF /* YoutubeFeedController.swift */; };
		6730B67D2223DEE5003D82BF /* YoutubeFeedCell.xib in Resources */ = {isa = PBXBuildFile; fileRef = 6730B67C2223DEE5003D82BF /* YoutubeFeedCell.xib */; };
		6730B67F2223DF03003D82BF /* YoutubeFeedCell.swift in Sources */ = {isa = PBXBuildFile; fileRef = 6730B67E2223DF03003D82BF /* YoutubeFeedCell.swift */; };
		6730B6852223E809003D82BF /* Youtube.swift in Sources */ = {isa = PBXBuildFile; fileRef = 6730B6842223E809003D82BF /* Youtube.swift */; };
		6730B6872223E8BB003D82BF /* YoutubeViewModel.swift in Sources */ = {isa = PBXBuildFile; fileRef = 6730B6862223E8BB003D82BF /* YoutubeViewModel.swift */; };
		67C87A17220BECD80063396A /* sortCell.swift in Sources */ = {isa = PBXBuildFile; fileRef = 67C87A16220BECD80063396A /* sortCell.swift */; };
		67C87A19220C0EC70063396A /* TestSectionEditingController.swift in Sources */ = {isa = PBXBuildFile; fileRef = 67C87A18220C0EC70063396A /* TestSectionEditingController.swift */; };
		67C87A1F2212AE2F0063396A /* HeaderForCollectionView.swift in Sources */ = {isa = PBXBuildFile; fileRef = 67C87A1E2212AE2E0063396A /* HeaderForCollectionView.swift */; };
/* End PBXBuildFile section */

/* Begin PBXFileReference section */
		1A83976D90850F2B6A05E7CD /* Pods_IntroducePaiApp.framework */ = {isa = PBXFileReference; explicitFileType = wrapper.framework; includeInIndex = 0; path = Pods_IntroducePaiApp.framework; sourceTree = BUILT_PRODUCTS_DIR; };
		5DBCCD8CAA816233AE941AC3 /* Pods-IntroducePaiApp.release.xcconfig */ = {isa = PBXFileReference; includeInIndex = 1; lastKnownFileType = text.xcconfig; name = "Pods-IntroducePaiApp.release.xcconfig"; path = "Target Support Files/Pods-IntroducePaiApp/Pods-IntroducePaiApp.release.xcconfig"; sourceTree = "<group>"; };
		6702E161222FC76100D04B38 /* AlbumCollection.swift */ = {isa = PBXFileReference; lastKnownFileType = sourcecode.swift; path = AlbumCollection.swift; sourceTree = "<group>"; };
		6727B1D922320CB300CE67C5 /* GoogleService-Info.plist */ = {isa = PBXFileReference; fileEncoding = 4; lastKnownFileType = text.plist.xml; path = "GoogleService-Info.plist"; sourceTree = "<group>"; };
		672840CF2204247900A47DE1 /* IntroducePaiApp.app */ = {isa = PBXFileReference; explicitFileType = wrapper.application; includeInIndex = 0; path = IntroducePaiApp.app; sourceTree = BUILT_PRODUCTS_DIR; };
		672840D22204247900A47DE1 /* AppDelegate.swift */ = {isa = PBXFileReference; lastKnownFileType = sourcecode.swift; path = AppDelegate.swift; sourceTree = "<group>"; };
		672840DA2204247900A47DE1 /* IntroducePaiApp.xcdatamodel */ = {isa = PBXFileReference; lastKnownFileType = wrapper.xcdatamodel; path = IntroducePaiApp.xcdatamodel; sourceTree = "<group>"; };
		672840DC2204247C00A47DE1 /* Assets.xcassets */ = {isa = PBXFileReference; lastKnownFileType = folder.assetcatalog; path = Assets.xcassets; sourceTree = "<group>"; };
		672840DF2204247C00A47DE1 /* Base */ = {isa = PBXFileReference; lastKnownFileType = file.storyboard; name = Base; path = Base.lproj/LaunchScreen.storyboard; sourceTree = "<group>"; };
		672840E12204247C00A47DE1 /* Info.plist */ = {isa = PBXFileReference; lastKnownFileType = text.plist.xml; path = Info.plist; sourceTree = "<group>"; };
		672840E72204272700A47DE1 /* CustomTableController.swift */ = {isa = PBXFileReference; fileEncoding = 4; lastKnownFileType = sourcecode.swift; path = CustomTableController.swift; sourceTree = "<group>"; };
		672840E82204272700A47DE1 /* TabbarController.swift */ = {isa = PBXFileReference; fileEncoding = 4; lastKnownFileType = sourcecode.swift; path = TabbarController.swift; sourceTree = "<group>"; };
		672840E92204272700A47DE1 /* SettingController.swift */ = {isa = PBXFileReference; fileEncoding = 4; lastKnownFileType = sourcecode.swift; path = SettingController.swift; sourceTree = "<group>"; };
		672840EA2204272700A47DE1 /* ProfileViewController.swift */ = {isa = PBXFileReference; fileEncoding = 4; lastKnownFileType = sourcecode.swift; path = ProfileViewController.swift; sourceTree = "<group>"; };
		672840EB2204272800A47DE1 /* TestCustomViewController.swift */ = {isa = PBXFileReference; fileEncoding = 4; lastKnownFileType = sourcecode.swift; path = TestCustomViewController.swift; sourceTree = "<group>"; };
		672840EC2204272800A47DE1 /* MainViewController.swift */ = {isa = PBXFileReference; fileEncoding = 4; lastKnownFileType = sourcecode.swift; path = MainViewController.swift; sourceTree = "<group>"; };
		672840ED2204272800A47DE1 /* CalculatorController.swift */ = {isa = PBXFileReference; fileEncoding = 4; lastKnownFileType = sourcecode.swift; path = CalculatorController.swift; sourceTree = "<group>"; };
		672840EE2204272800A47DE1 /* CustomView.swift */ = {isa = PBXFileReference; fileEncoding = 4; lastKnownFileType = sourcecode.swift; path = CustomView.swift; sourceTree = "<group>"; };
		672840F72204275F00A47DE1 /* Main.storyboard */ = {isa = PBXFileReference; fileEncoding = 4; lastKnownFileType = file.storyboard; path = Main.storyboard; sourceTree = "<group>"; };
		672840F922043E0600A47DE1 /* APIDriver.swift */ = {isa = PBXFileReference; lastKnownFileType = sourcecode.swift; path = APIDriver.swift; sourceTree = "<group>"; };
		672840FF220ABD9E00A47DE1 /* ViewController.swift */ = {isa = PBXFileReference; lastKnownFileType = sourcecode.swift; path = ViewController.swift; sourceTree = "<group>"; };
		67284101220ABE4300A47DE1 /* ReorderableCell.swift */ = {isa = PBXFileReference; lastKnownFileType = sourcecode.swift; path = ReorderableCell.swift; sourceTree = "<group>"; };
		672E4C45222518B0007D60E5 /* Pantip.swift */ = {isa = PBXFileReference; lastKnownFileType = sourcecode.swift; path = Pantip.swift; sourceTree = "<group>"; };
		672E4C472225197A007D60E5 /* PantipViewModel.swift */ = {isa = PBXFileReference; lastKnownFileType = sourcecode.swift; path = PantipViewModel.swift; sourceTree = "<group>"; };
		672E4C492226324B007D60E5 /* NoDataCell.xib */ = {isa = PBXFileReference; lastKnownFileType = file.xib; path = NoDataCell.xib; sourceTree = "<group>"; };
		672E4C4B2226325C007D60E5 /* NoDataCell.swift */ = {isa = PBXFileReference; lastKnownFileType = sourcecode.swift; path = NoDataCell.swift; sourceTree = "<group>"; };
		672E4C712227961D007D60E5 /* WebViewContent.html */ = {isa = PBXFileReference; lastKnownFileType = text.html; path = WebViewContent.html; sourceTree = "<group>"; };
		6730B67A2223DDBC003D82BF /* YoutubeFeedController.swift */ = {isa = PBXFileReference; lastKnownFileType = sourcecode.swift; path = YoutubeFeedController.swift; sourceTree = "<group>"; };
		6730B67C2223DEE5003D82BF /* YoutubeFeedCell.xib */ = {isa = PBXFileReference; lastKnownFileType = file.xib; path = YoutubeFeedCell.xib; sourceTree = "<group>"; };
		6730B67E2223DF03003D82BF /* YoutubeFeedCell.swift */ = {isa = PBXFileReference; lastKnownFileType = sourcecode.swift; path = YoutubeFeedCell.swift; sourceTree = "<group>"; };
		6730B6842223E809003D82BF /* Youtube.swift */ = {isa = PBXFileReference; lastKnownFileType = sourcecode.swift; path = Youtube.swift; sourceTree = "<group>"; };
		6730B6862223E8BB003D82BF /* YoutubeViewModel.swift */ = {isa = PBXFileReference; lastKnownFileType = sourcecode.swift; path = YoutubeViewModel.swift; sourceTree = "<group>"; };
		67C87A16220BECD80063396A /* sortCell.swift */ = {isa = PBXFileReference; lastKnownFileType = sourcecode.swift; path = sortCell.swift; sourceTree = "<group>"; };
		67C87A18220C0EC70063396A /* TestSectionEditingController.swift */ = {isa = PBXFileReference; lastKnownFileType = sourcecode.swift; path = TestSectionEditingController.swift; sourceTree = "<group>"; };
		67C87A1E2212AE2E0063396A /* HeaderForCollectionView.swift */ = {isa = PBXFileReference; lastKnownFileType = sourcecode.swift; path = HeaderForCollectionView.swift; sourceTree = "<group>"; };
		9CB4475615EC9481AE02F0DF /* Pods-IntroducePaiApp.debug.xcconfig */ = {isa = PBXFileReference; includeInIndex = 1; lastKnownFileType = text.xcconfig; name = "Pods-IntroducePaiApp.debug.xcconfig"; path = "Target Support Files/Pods-IntroducePaiApp/Pods-IntroducePaiApp.debug.xcconfig"; sourceTree = "<group>"; };
/* End PBXFileReference section */

/* Begin PBXFrameworksBuildPhase section */
		672840CC2204247900A47DE1 /* Frameworks */ = {
			isa = PBXFrameworksBuildPhase;
			buildActionMask = 2147483647;
			files = (
				41D08E626B32E761C9C544F3 /* Pods_IntroducePaiApp.framework in Frameworks */,
			);
			runOnlyForDeploymentPostprocessing = 0;
		};
/* End PBXFrameworksBuildPhase section */

/* Begin PBXGroup section */
		0731E16A691BC89B5887F9F9 /* Frameworks */ = {
			isa = PBXGroup;
			children = (
				1A83976D90850F2B6A05E7CD /* Pods_IntroducePaiApp.framework */,
			);
			name = Frameworks;
			sourceTree = "<group>";
		};
		4E9EBAEB712342FFC1F83E68 /* Pods */ = {
			isa = PBXGroup;
			children = (
				9CB4475615EC9481AE02F0DF /* Pods-IntroducePaiApp.debug.xcconfig */,
				5DBCCD8CAA816233AE941AC3 /* Pods-IntroducePaiApp.release.xcconfig */,
			);
			path = Pods;
			sourceTree = "<group>";
		};
		671F23B2221AA1A70021DDCA /* Controller */ = {
			isa = PBXGroup;
			children = (
				672840ED2204272800A47DE1 /* CalculatorController.swift */,
				672840E72204272700A47DE1 /* CustomTableController.swift */,
				672840EC2204272800A47DE1 /* MainViewController.swift */,
				672840EA2204272700A47DE1 /* ProfileViewController.swift */,
				672840FF220ABD9E00A47DE1 /* ViewController.swift */,
				672840E92204272700A47DE1 /* SettingController.swift */,
				672840E82204272700A47DE1 /* TabbarController.swift */,
				672840EB2204272800A47DE1 /* TestCustomViewController.swift */,
				67C87A18220C0EC70063396A /* TestSectionEditingController.swift */,
				6730B67A2223DDBC003D82BF /* YoutubeFeedController.swift */,
				6702E161222FC76100D04B38 /* AlbumCollection.swift */,
			);
			path = Controller;
			sourceTree = "<group>";
		};
		672840C62204247900A47DE1 = {
			isa = PBXGroup;
			children = (
				672840D12204247900A47DE1 /* IntroducePaiApp */,
				672840D02204247900A47DE1 /* Products */,
				4E9EBAEB712342FFC1F83E68 /* Pods */,
				0731E16A691BC89B5887F9F9 /* Frameworks */,
			);
			sourceTree = "<group>";
		};
		672840D02204247900A47DE1 /* Products */ = {
			isa = PBXGroup;
			children = (
				672840CF2204247900A47DE1 /* IntroducePaiApp.app */,
			);
			name = Products;
			sourceTree = "<group>";
		};
		672840D12204247900A47DE1 /* IntroducePaiApp */ = {
			isa = PBXGroup;
			children = (
				672840E12204247C00A47DE1 /* Info.plist */,
				6727B1D922320CB300CE67C5 /* GoogleService-Info.plist */,
				672840D92204247900A47DE1 /* IntroducePaiApp.xcdatamodeld */,
				672840D22204247900A47DE1 /* AppDelegate.swift */,
				672E4C442224F8D0007D60E5 /* All */,
				671F23B2221AA1A70021DDCA /* Controller */,
				6730B6812223E695003D82BF /* Model */,
				6730B6832223E6B6003D82BF /* Storyboard */,
				6730B6822223E6AD003D82BF /* View */,
				6730B6802223E687003D82BF /* ViewModel */,
				672E4C712227961D007D60E5 /* WebViewContent.html */,
			);
			path = IntroducePaiApp;
			sourceTree = "<group>";
		};
		672E4C442224F8D0007D60E5 /* All */ = {
			isa = PBXGroup;
			children = (
				672840DC2204247C00A47DE1 /* Assets.xcassets */,
			);
			path = All;
			sourceTree = "<group>";
		};
		6730B6802223E687003D82BF /* ViewModel */ = {
			isa = PBXGroup;
			children = (
				6730B6862223E8BB003D82BF /* YoutubeViewModel.swift */,
				672E4C472225197A007D60E5 /* PantipViewModel.swift */,
			);
			path = ViewModel;
			sourceTree = "<group>";
		};
		6730B6812223E695003D82BF /* Model */ = {
			isa = PBXGroup;
			children = (
				672840F922043E0600A47DE1 /* APIDriver.swift */,
				6730B6842223E809003D82BF /* Youtube.swift */,
				672E4C45222518B0007D60E5 /* Pantip.swift */,
			);
			path = Model;
			sourceTree = "<group>";
		};
		6730B6822223E6AD003D82BF /* View */ = {
			isa = PBXGroup;
			children = (
				672840EE2204272800A47DE1 /* CustomView.swift */,
				67C87A1E2212AE2E0063396A /* HeaderForCollectionView.swift */,
				67284101220ABE4300A47DE1 /* ReorderableCell.swift */,
				67C87A16220BECD80063396A /* sortCell.swift */,
				6730B67E2223DF03003D82BF /* YoutubeFeedCell.swift */,
				672E4C4B2226325C007D60E5 /* NoDataCell.swift */,
			);
			path = View;
			sourceTree = "<group>";
		};
		6730B6832223E6B6003D82BF /* Storyboard */ = {
			isa = PBXGroup;
			children = (
				672840DE2204247C00A47DE1 /* LaunchScreen.storyboard */,
				672840F72204275F00A47DE1 /* Main.storyboard */,
				6730B67C2223DEE5003D82BF /* YoutubeFeedCell.xib */,
				672E4C492226324B007D60E5 /* NoDataCell.xib */,
			);
			path = Storyboard;
			sourceTree = "<group>";
		};
/* End PBXGroup section */

/* Begin PBXNativeTarget section */
		672840CE2204247900A47DE1 /* IntroducePaiApp */ = {
			isa = PBXNativeTarget;
			buildConfigurationList = 672840E42204247C00A47DE1 /* Build configuration list for PBXNativeTarget "IntroducePaiApp" */;
			buildPhases = (
				A50A3BA7AFAE6C47C8E9B2AC /* [CP] Check Pods Manifest.lock */,
				672840CB2204247900A47DE1 /* Sources */,
				672840CC2204247900A47DE1 /* Frameworks */,
				672840CD2204247900A47DE1 /* Resources */,
				82350812DA6260C671F2153B /* [CP] Embed Pods Frameworks */,
			);
			buildRules = (
			);
			dependencies = (
			);
			name = IntroducePaiApp;
			productName = IntroducePaiApp;
			productReference = 672840CF2204247900A47DE1 /* IntroducePaiApp.app */;
			productType = "com.apple.product-type.application";
		};
/* End PBXNativeTarget section */

/* Begin PBXProject section */
		672840C72204247900A47DE1 /* Project object */ = {
			isa = PBXProject;
			attributes = {
				LastSwiftUpdateCheck = 1010;
				LastUpgradeCheck = 1010;
				ORGANIZATIONNAME = "Komkrit Siratitanan";
				TargetAttributes = {
					672840CE2204247900A47DE1 = {
						CreatedOnToolsVersion = 10.1;
					};
				};
			};
			buildConfigurationList = 672840CA2204247900A47DE1 /* Build configuration list for PBXProject "IntroducePaiApp" */;
			compatibilityVersion = "Xcode 9.3";
			developmentRegion = en;
			hasScannedForEncodings = 0;
			knownRegions = (
				en,
				Base,
			);
			mainGroup = 672840C62204247900A47DE1;
			productRefGroup = 672840D02204247900A47DE1 /* Products */;
			projectDirPath = "";
			projectRoot = "";
			targets = (
				672840CE2204247900A47DE1 /* IntroducePaiApp */,
			);
		};
/* End PBXProject section */

/* Begin PBXResourcesBuildPhase section */
		672840CD2204247900A47DE1 /* Resources */ = {
			isa = PBXResourcesBuildPhase;
			buildActionMask = 2147483647;
			files = (
				672E4C722227961D007D60E5 /* WebViewContent.html in Resources */,
				672840E02204247C00A47DE1 /* LaunchScreen.storyboard in Resources */,
				6730B67D2223DEE5003D82BF /* YoutubeFeedCell.xib in Resources */,
				672840DD2204247C00A47DE1 /* Assets.xcassets in Resources */,
				672840F82204276000A47DE1 /* Main.storyboard in Resources */,
				672E4C4A2226324B007D60E5 /* NoDataCell.xib in Resources */,
				6727B1DA22320CB400CE67C5 /* GoogleService-Info.plist in Resources */,
			);
			runOnlyForDeploymentPostprocessing = 0;
		};
/* End PBXResourcesBuildPhase section */

/* Begin PBXShellScriptBuildPhase section */
		82350812DA6260C671F2153B /* [CP] Embed Pods Frameworks */ = {
			isa = PBXShellScriptBuildPhase;
			buildActionMask = 2147483647;
			files = (
			);
			inputFileListPaths = (
			);
			inputPaths = (
				"${PODS_ROOT}/Target Support Files/Pods-IntroducePaiApp/Pods-IntroducePaiApp-frameworks.sh",
				"${BUILT_PRODUCTS_DIR}/Alamofire/Alamofire.framework",
				"${BUILT_PRODUCTS_DIR}/GoogleUtilities/GoogleUtilities.framework",
				"${BUILT_PRODUCTS_DIR}/Kingfisher/Kingfisher.framework",
				"${BUILT_PRODUCTS_DIR}/MyOwnExt/MyOwnExt.framework",
				"${BUILT_PRODUCTS_DIR}/PaiExt/PaiExt.framework",
				"${BUILT_PRODUCTS_DIR}/Protobuf/Protobuf.framework",
				"${BUILT_PRODUCTS_DIR}/Realm/Realm.framework",
				"${BUILT_PRODUCTS_DIR}/RealmSwift/RealmSwift.framework",
				"${BUILT_PRODUCTS_DIR}/nanopb/nanopb.framework",
			);
			name = "[CP] Embed Pods Frameworks";
			outputFileListPaths = (
			);
			outputPaths = (
				"${TARGET_BUILD_DIR}/${FRAMEWORKS_FOLDER_PATH}/Alamofire.framework",
				"${TARGET_BUILD_DIR}/${FRAMEWORKS_FOLDER_PATH}/GoogleUtilities.framework",
				"${TARGET_BUILD_DIR}/${FRAMEWORKS_FOLDER_PATH}/Kingfisher.framework",
				"${TARGET_BUILD_DIR}/${FRAMEWORKS_FOLDER_PATH}/MyOwnExt.framework",
				"${TARGET_BUILD_DIR}/${FRAMEWORKS_FOLDER_PATH}/PaiExt.framework",
				"${TARGET_BUILD_DIR}/${FRAMEWORKS_FOLDER_PATH}/Protobuf.framework",
				"${TARGET_BUILD_DIR}/${FRAMEWORKS_FOLDER_PATH}/Realm.framework",
				"${TARGET_BUILD_DIR}/${FRAMEWORKS_FOLDER_PATH}/RealmSwift.framework",
				"${TARGET_BUILD_DIR}/${FRAMEWORKS_FOLDER_PATH}/nanopb.framework",
			);
			runOnlyForDeploymentPostprocessing = 0;
			shellPath = /bin/sh;
			shellScript = "\"${PODS_ROOT}/Target Support Files/Pods-IntroducePaiApp/Pods-IntroducePaiApp-frameworks.sh\"\n";
			showEnvVarsInLog = 0;
		};
		A50A3BA7AFAE6C47C8E9B2AC /* [CP] Check Pods Manifest.lock */ = {
			isa = PBXShellScriptBuildPhase;
			buildActionMask = 2147483647;
			files = (
			);
			inputFileListPaths = (
			);
			inputPaths = (
				"${PODS_PODFILE_DIR_PATH}/Podfile.lock",
				"${PODS_ROOT}/Manifest.lock",
			);
			name = "[CP] Check Pods Manifest.lock";
			outputFileListPaths = (
			);
			outputPaths = (
				"$(DERIVED_FILE_DIR)/Pods-IntroducePaiApp-checkManifestLockResult.txt",
			);
			runOnlyForDeploymentPostprocessing = 0;
			shellPath = /bin/sh;
			shellScript = "diff \"${PODS_PODFILE_DIR_PATH}/Podfile.lock\" \"${PODS_ROOT}/Manifest.lock\" > /dev/null\nif [ $? != 0 ] ; then\n    # print error to STDERR\n    echo \"error: The sandbox is not in sync with the Podfile.lock. Run 'pod install' or update your CocoaPods installation.\" >&2\n    exit 1\nfi\n# This output is used by Xcode 'outputs' to avoid re-running this script phase.\necho \"SUCCESS\" > \"${SCRIPT_OUTPUT_FILE_0}\"\n";
			showEnvVarsInLog = 0;
		};
/* End PBXShellScriptBuildPhase section */

/* Begin PBXSourcesBuildPhase section */
		672840CB2204247900A47DE1 /* Sources */ = {
			isa = PBXSourcesBuildPhase;
			buildActionMask = 2147483647;
			files = (
				67C87A17220BECD80063396A /* sortCell.swift in Sources */,
				672840FA22043E0600A47DE1 /* APIDriver.swift in Sources */,
				67C87A19220C0EC70063396A /* TestSectionEditingController.swift in Sources */,
				6730B67B2223DDBC003D82BF /* YoutubeFeedController.swift in Sources */,
				672840F12204272800A47DE1 /* SettingController.swift in Sources */,
				672840DB2204247900A47DE1 /* IntroducePaiApp.xcdatamodeld in Sources */,
				672840EF2204272800A47DE1 /* CustomTableController.swift in Sources */,
				672840F32204272800A47DE1 /* TestCustomViewController.swift in Sources */,
				67C87A1F2212AE2F0063396A /* HeaderForCollectionView.swift in Sources */,
				6730B6872223E8BB003D82BF /* YoutubeViewModel.swift in Sources */,
				672840F22204272800A47DE1 /* ProfileViewController.swift in Sources */,
				672E4C46222518B0007D60E5 /* Pantip.swift in Sources */,
				672840F62204272800A47DE1 /* CustomView.swift in Sources */,
				672840F42204272800A47DE1 /* MainViewController.swift in Sources */,
				672840F52204272800A47DE1 /* CalculatorController.swift in Sources */,
				672840F02204272800A47DE1 /* TabbarController.swift in Sources */,
				672840D32204247900A47DE1 /* AppDelegate.swift in Sources */,
				67284100220ABD9E00A47DE1 /* ViewController.swift in Sources */,
				6730B6852223E809003D82BF /* Youtube.swift in Sources */,
				6730B67F2223DF03003D82BF /* YoutubeFeedCell.swift in Sources */,
				672E4C482225197A007D60E5 /* PantipViewModel.swift in Sources */,
				6702E162222FC76100D04B38 /* AlbumCollection.swift in Sources */,
				67284102220ABE4300A47DE1 /* ReorderableCell.swift in Sources */,
				672E4C4C2226325C007D60E5 /* NoDataCell.swift in Sources */,
			);
			runOnlyForDeploymentPostprocessing = 0;
		};
/* End PBXSourcesBuildPhase section */

/* Begin PBXVariantGroup section */
		672840DE2204247C00A47DE1 /* LaunchScreen.storyboard */ = {
			isa = PBXVariantGroup;
			children = (
				672840DF2204247C00A47DE1 /* Base */,
			);
			name = LaunchScreen.storyboard;
			sourceTree = "<group>";
		};
/* End PBXVariantGroup section */

/* Begin XCBuildConfiguration section */
		672840E22204247C00A47DE1 /* Debug */ = {
			isa = XCBuildConfiguration;
			buildSettings = {
				ALWAYS_SEARCH_USER_PATHS = NO;
				CLANG_ANALYZER_NONNULL = YES;
				CLANG_ANALYZER_NUMBER_OBJECT_CONVERSION = YES_AGGRESSIVE;
				CLANG_CXX_LANGUAGE_STANDARD = "gnu++14";
				CLANG_CXX_LIBRARY = "libc++";
				CLANG_ENABLE_MODULES = YES;
				CLANG_ENABLE_OBJC_ARC = YES;
				CLANG_ENABLE_OBJC_WEAK = YES;
				CLANG_WARN_BLOCK_CAPTURE_AUTORELEASING = YES;
				CLANG_WARN_BOOL_CONVERSION = YES;
				CLANG_WARN_COMMA = YES;
				CLANG_WARN_CONSTANT_CONVERSION = YES;
				CLANG_WARN_DEPRECATED_OBJC_IMPLEMENTATIONS = YES;
				CLANG_WARN_DIRECT_OBJC_ISA_USAGE = YES_ERROR;
				CLANG_WARN_DOCUMENTATION_COMMENTS = YES;
				CLANG_WARN_EMPTY_BODY = YES;
				CLANG_WARN_ENUM_CONVERSION = YES;
				CLANG_WARN_INFINITE_RECURSION = YES;
				CLANG_WARN_INT_CONVERSION = YES;
				CLANG_WARN_NON_LITERAL_NULL_CONVERSION = YES;
				CLANG_WARN_OBJC_IMPLICIT_RETAIN_SELF = YES;
				CLANG_WARN_OBJC_LITERAL_CONVERSION = YES;
				CLANG_WARN_OBJC_ROOT_CLASS = YES_ERROR;
				CLANG_WARN_RANGE_LOOP_ANALYSIS = YES;
				CLANG_WARN_STRICT_PROTOTYPES = YES;
				CLANG_WARN_SUSPICIOUS_MOVE = YES;
				CLANG_WARN_UNGUARDED_AVAILABILITY = YES_AGGRESSIVE;
				CLANG_WARN_UNREACHABLE_CODE = YES;
				CLANG_WARN__DUPLICATE_METHOD_MATCH = YES;
				CODE_SIGN_IDENTITY = "iPhone Developer";
				COPY_PHASE_STRIP = NO;
				DEBUG_INFORMATION_FORMAT = dwarf;
				ENABLE_STRICT_OBJC_MSGSEND = YES;
				ENABLE_TESTABILITY = YES;
				GCC_C_LANGUAGE_STANDARD = gnu11;
				GCC_DYNAMIC_NO_PIC = NO;
				GCC_NO_COMMON_BLOCKS = YES;
				GCC_OPTIMIZATION_LEVEL = 0;
				GCC_PREPROCESSOR_DEFINITIONS = (
					"DEBUG=1",
					"$(inherited)",
				);
				GCC_WARN_64_TO_32_BIT_CONVERSION = YES;
				GCC_WARN_ABOUT_RETURN_TYPE = YES_ERROR;
				GCC_WARN_UNDECLARED_SELECTOR = YES;
				GCC_WARN_UNINITIALIZED_AUTOS = YES_AGGRESSIVE;
				GCC_WARN_UNUSED_FUNCTION = YES;
				GCC_WARN_UNUSED_VARIABLE = YES;
				IPHONEOS_DEPLOYMENT_TARGET = 12.1;
				MTL_ENABLE_DEBUG_INFO = INCLUDE_SOURCE;
				MTL_FAST_MATH = YES;
				ONLY_ACTIVE_ARCH = YES;
				SDKROOT = iphoneos;
				SWIFT_ACTIVE_COMPILATION_CONDITIONS = DEBUG;
				SWIFT_OPTIMIZATION_LEVEL = "-Onone";
			};
			name = Debug;
		};
		672840E32204247C00A47DE1 /* Release */ = {
			isa = XCBuildConfiguration;
			buildSettings = {
				ALWAYS_SEARCH_USER_PATHS = NO;
				CLANG_ANALYZER_NONNULL = YES;
				CLANG_ANALYZER_NUMBER_OBJECT_CONVERSION = YES_AGGRESSIVE;
				CLANG_CXX_LANGUAGE_STANDARD = "gnu++14";
				CLANG_CXX_LIBRARY = "libc++";
				CLANG_ENABLE_MODULES = YES;
				CLANG_ENABLE_OBJC_ARC = YES;
				CLANG_ENABLE_OBJC_WEAK = YES;
				CLANG_WARN_BLOCK_CAPTURE_AUTORELEASING = YES;
				CLANG_WARN_BOOL_CONVERSION = YES;
				CLANG_WARN_COMMA = YES;
				CLANG_WARN_CONSTANT_CONVERSION = YES;
				CLANG_WARN_DEPRECATED_OBJC_IMPLEMENTATIONS = YES;
				CLANG_WARN_DIRECT_OBJC_ISA_USAGE = YES_ERROR;
				CLANG_WARN_DOCUMENTATION_COMMENTS = YES;
				CLANG_WARN_EMPTY_BODY = YES;
				CLANG_WARN_ENUM_CONVERSION = YES;
				CLANG_WARN_INFINITE_RECURSION = YES;
				CLANG_WARN_INT_CONVERSION = YES;
				CLANG_WARN_NON_LITERAL_NULL_CONVERSION = YES;
				CLANG_WARN_OBJC_IMPLICIT_RETAIN_SELF = YES;
				CLANG_WARN_OBJC_LITERAL_CONVERSION = YES;
				CLANG_WARN_OBJC_ROOT_CLASS = YES_ERROR;
				CLANG_WARN_RANGE_LOOP_ANALYSIS = YES;
				CLANG_WARN_STRICT_PROTOTYPES = YES;
				CLANG_WARN_SUSPICIOUS_MOVE = YES;
				CLANG_WARN_UNGUARDED_AVAILABILITY = YES_AGGRESSIVE;
				CLANG_WARN_UNREACHABLE_CODE = YES;
				CLANG_WARN__DUPLICATE_METHOD_MATCH = YES;
				CODE_SIGN_IDENTITY = "iPhone Developer";
				COPY_PHASE_STRIP = NO;
				DEBUG_INFORMATION_FORMAT = "dwarf-with-dsym";
				ENABLE_NS_ASSERTIONS = NO;
				ENABLE_STRICT_OBJC_MSGSEND = YES;
				GCC_C_LANGUAGE_STANDARD = gnu11;
				GCC_NO_COMMON_BLOCKS = YES;
				GCC_WARN_64_TO_32_BIT_CONVERSION = YES;
				GCC_WARN_ABOUT_RETURN_TYPE = YES_ERROR;
				GCC_WARN_UNDECLARED_SELECTOR = YES;
				GCC_WARN_UNINITIALIZED_AUTOS = YES_AGGRESSIVE;
				GCC_WARN_UNUSED_FUNCTION = YES;
				GCC_WARN_UNUSED_VARIABLE = YES;
				IPHONEOS_DEPLOYMENT_TARGET = 12.1;
				MTL_ENABLE_DEBUG_INFO = NO;
				MTL_FAST_MATH = YES;
				SDKROOT = iphoneos;
				SWIFT_COMPILATION_MODE = wholemodule;
				SWIFT_OPTIMIZATION_LEVEL = "-O";
				VALIDATE_PRODUCT = YES;
			};
			name = Release;
		};
		672840E52204247C00A47DE1 /* Debug */ = {
			isa = XCBuildConfiguration;
			baseConfigurationReference = 9CB4475615EC9481AE02F0DF /* Pods-IntroducePaiApp.debug.xcconfig */;
			buildSettings = {
				ASSETCATALOG_COMPILER_APPICON_NAME = AppIcon;
				CODE_SIGN_STYLE = Automatic;
				DEVELOPMENT_TEAM = TB94H5YVP2;
				INFOPLIST_FILE = IntroducePaiApp/Info.plist;
				LD_RUNPATH_SEARCH_PATHS = (
					"$(inherited)",
					"@executable_path/Frameworks",
				);
				PRODUCT_BUNDLE_IDENTIFIER = com.introPai.app.IntroducePaiApp;
				PRODUCT_NAME = "$(TARGET_NAME)";
				SWIFT_VERSION = 4.2;
				TARGETED_DEVICE_FAMILY = "1,2";
			};
			name = Debug;
		};
		672840E62204247C00A47DE1 /* Release */ = {
			isa = XCBuildConfiguration;
			baseConfigurationReference = 5DBCCD8CAA816233AE941AC3 /* Pods-IntroducePaiApp.release.xcconfig */;
			buildSettings = {
				ASSETCATALOG_COMPILER_APPICON_NAME = AppIcon;
				CODE_SIGN_STYLE = Automatic;
				DEVELOPMENT_TEAM = TB94H5YVP2;
				INFOPLIST_FILE = IntroducePaiApp/Info.plist;
				LD_RUNPATH_SEARCH_PATHS = (
					"$(inherited)",
					"@executable_path/Frameworks",
				);
				PRODUCT_BUNDLE_IDENTIFIER = com.introPai.app.IntroducePaiApp;
				PRODUCT_NAME = "$(TARGET_NAME)";
				SWIFT_VERSION = 4.2;
				TARGETED_DEVICE_FAMILY = "1,2";
			};
			name = Release;
		};
/* End XCBuildConfiguration section */

/* Begin XCConfigurationList section */
		672840CA2204247900A47DE1 /* Build configuration list for PBXProject "IntroducePaiApp" */ = {
			isa = XCConfigurationList;
			buildConfigurations = (
				672840E22204247C00A47DE1 /* Debug */,
				672840E32204247C00A47DE1 /* Release */,
			);
			defaultConfigurationIsVisible = 0;
			defaultConfigurationName = Release;
		};
		672840E42204247C00A47DE1 /* Build configuration list for PBXNativeTarget "IntroducePaiApp" */ = {
			isa = XCConfigurationList;
			buildConfigurations = (
				672840E52204247C00A47DE1 /* Debug */,
				672840E62204247C00A47DE1 /* Release */,
			);
			defaultConfigurationIsVisible = 0;
			defaultConfigurationName = Release;
		};
/* End XCConfigurationList section */

/* Begin XCVersionGroup section */
		672840D92204247900A47DE1 /* IntroducePaiApp.xcdatamodeld */ = {
			isa = XCVersionGroup;
			children = (
				672840DA2204247900A47DE1 /* IntroducePaiApp.xcdatamodel */,
			);
			currentVersion = 672840DA2204247900A47DE1 /* IntroducePaiApp.xcdatamodel */;
			path = IntroducePaiApp.xcdatamodeld;
			sourceTree = "<group>";
			versionGroupType = wrapper.xcdatamodel;
		};
/* End XCVersionGroup section */
	};
	rootObject = 672840C72204247900A47DE1 /* Project object */;
}
